
Microsoft Visual Studio Solution File, Format Version 12.00
# Visual Studio Version 16
VisualStudioVersion = 16.0.29509.3
MinimumVisualStudioVersion = 10.0.40219.1
Project("{9A19103F-16F7-4668-BE54-9A1E7A4F7556}") = "Movie.Web", "Movie.Web\Movie.Web.csproj", "{2206E204-FA82-4529-A963-9034A0296128}"
EndProject
Project("{9A19103F-16F7-4668-BE54-9A1E7A4F7556}") = "Movie.Repositories", "Movie.Repositories\Movie.Repositories.csproj", "{4ABB664C-F150-4186-86E5-74C31D85511C}"
EndProject
Project("{9A19103F-16F7-4668-BE54-9A1E7A4F7556}") = "Movie.Services", "Movie.Services\Movie.Services.csproj", "{DF3835E5-9DAC-4D4D-9211-8A0041A54649}"
EndProject
Project("{9A19103F-16F7-4668-BE54-9A1E7A4F7556}") = "Movie.Models", "Movie.Models\Movie.Models.csproj", "{E9ED2A20-C1E2-475C-B2AE-A5C8AA8393DD}"
EndProject
Project("{9A19103F-16F7-4668-BE54-9A1E7A4F7556}") = "Movie.Resources", "Movie.Resources\Movie.Resources.csproj", "{E808376D-1E1D-457A-A87E-1C962648631F}"
EndProject
Global
	GlobalSection(SolutionConfigurationPlatforms) = preSolution
		Debug|Any CPU = Debug|Any CPU
		Release|Any CPU = Release|Any CPU
	EndGlobalSection
	GlobalSection(ProjectConfigurationPlatforms) = postSolution
		{2206E204-FA82-4529-A963-9034A0296128}.Debug|Any CPU.ActiveCfg = Debug|Any CPU
		{2206E204-FA82-4529-A963-9034A0296128}.Debug|Any CPU.Build.0 = Debug|Any CPU
		{2206E204-FA82-4529-A963-9034A0296128}.Release|Any CPU.ActiveCfg = Release|Any CPU
		{2206E204-FA82-4529-A963-9034A0296128}.Release|Any CPU.Build.0 = Release|Any CPU
		{4ABB664C-F150-4186-86E5-74C31D85511C}.Debug|Any CPU.ActiveCfg = Debug|Any CPU
		{4ABB664C-F150-4186-86E5-74C31D85511C}.Debug|Any CPU.Build.0 = Debug|Any CPU
		{4ABB664C-F150-4186-86E5-74C31D85511C}.Release|Any CPU.ActiveCfg = Release|Any CPU
		{4ABB664C-F150-4186-86E5-74C31D85511C}.Release|Any CPU.Build.0 = Release|Any CPU
		{DF3835E5-9DAC-4D4D-9211-8A0041A54649}.Debug|Any CPU.ActiveCfg = Debug|Any CPU
		{DF3835E5-9DAC-4D4D-9211-8A0041A54649}.Debug|Any CPU.Build.0 = Debug|Any CPU
		{DF3835E5-9DAC-4D4D-9211-8A0041A54649}.Release|Any CPU.ActiveCfg = Release|Any CPU
		{DF3835E5-9DAC-4D4D-9211-8A0041A54649}.Release|Any CPU.Build.0 = Release|Any CPU
		{E9ED2A20-C1E2-475C-B2AE-A5C8AA8393DD}.Debug|Any CPU.ActiveCfg = Debug|Any CPU
		{E9ED2A20-C1E2-475C-B2AE-A5C8AA8393DD}.Debug|Any CPU.Build.0 = Debug|Any CPU
		{E9ED2A20-C1E2-475C-B2AE-A5C8AA8393DD}.Release|Any CPU.ActiveCfg = Release|Any CPU
		{E9ED2A20-C1E2-475C-B2AE-A5C8AA8393DD}.Release|Any CPU.Build.0 = Release|Any CPU
		{E808376D-1E1D-457A-A87E-1C962648631F}.Debug|Any CPU.ActiveCfg = Debug|Any CPU
		{E808376D-1E1D-457A-A87E-1C962648631F}.Debug|Any CPU.Build.0 = Debug|Any CPU
		{E808376D-1E1D-457A-A87E-1C962648631F}.Release|Any CPU.ActiveCfg = Release|Any CPU
		{E808376D-1E1D-457A-A87E-1C962648631F}.Release|Any CPU.Build.0 = Release|Any CPU
	EndGlobalSection
	GlobalSection(SolutionProperties) = preSolution
		HideSolutionNode = FALSE
	EndGlobalSection
	GlobalSection(ExtensibilityGlobals) = postSolution
		SolutionGuid = {58EDA19C-DE03-463E-8FDC-5AF30C3DE763}
	EndGlobalSection
EndGlobal
